// !$*UTF8*$!
{
	archiveVersion = 1;
	classes = {
	};
	objectVersion = 56;
	objects = {

/* Begin PBXBuildFile section */
		0D724F4F29598CC80060FA53 /* AppDelegate.swift in Sources */ = {isa = PBXBuildFile; fileRef = 0D724F4E29598CC80060FA53 /* AppDelegate.swift */; };
		0D724F5129598CC80060FA53 /* SceneDelegate.swift in Sources */ = {isa = PBXBuildFile; fileRef = 0D724F5029598CC80060FA53 /* SceneDelegate.swift */; };
		0D724F5329598CC80060FA53 /* ViewController.swift in Sources */ = {isa = PBXBuildFile; fileRef = 0D724F5229598CC80060FA53 /* ViewController.swift */; };
		0D724F5629598CC80060FA53 /* Main.storyboard in Resources */ = {isa = PBXBuildFile; fileRef = 0D724F5429598CC80060FA53 /* Main.storyboard */; };
		0D724F5829598CC90060FA53 /* Assets.xcassets in Resources */ = {isa = PBXBuildFile; fileRef = 0D724F5729598CC90060FA53 /* Assets.xcassets */; };
		0D724F5B29598CC90060FA53 /* LaunchScreen.storyboard in Resources */ = {isa = PBXBuildFile; fileRef = 0D724F5929598CC90060FA53 /* LaunchScreen.storyboard */; };
		0D724F6629598CC90060FA53 /* C_programmingTests.swift in Sources */ = {isa = PBXBuildFile; fileRef = 0D724F6529598CC90060FA53 /* C_programmingTests.swift */; };
		0D724F7029598CC90060FA53 /* C_programmingUITests.swift in Sources */ = {isa = PBXBuildFile; fileRef = 0D724F6F29598CC90060FA53 /* C_programmingUITests.swift */; };
		0D724F7229598CC90060FA53 /* C_programmingUITestsLaunchTests.swift in Sources */ = {isa = PBXBuildFile; fileRef = 0D724F7129598CC90060FA53 /* C_programmingUITestsLaunchTests.swift */; };
/* End PBXBuildFile section */

/* Begin PBXContainerItemProxy section */
		0D724F6229598CC90060FA53 /* PBXContainerItemProxy */ = {
			isa = PBXContainerItemProxy;
			containerPortal = 0D724F4329598CC80060FA53 /* Project object */;
			proxyType = 1;
			remoteGlobalIDString = 0D724F4A29598CC80060FA53;
			remoteInfo = "C programming";
		};
		0D724F6C29598CC90060FA53 /* PBXContainerItemProxy */ = {
			isa = PBXContainerItemProxy;
			containerPortal = 0D724F4329598CC80060FA53 /* Project object */;
			proxyType = 1;
			remoteGlobalIDString = 0D724F4A29598CC80060FA53;
			remoteInfo = "C programming";
		};
/* End PBXContainerItemProxy section */

/* Begin PBXFileReference section */
		0D724F4B29598CC80060FA53 /* C programming.app */ = {isa = PBXFileReference; explicitFileType = wrapper.application; includeInIndex = 0; path = "C programming.app"; sourceTree = BUILT_PRODUCTS_DIR; };
		0D724F4E29598CC80060FA53 /* AppDelegate.swift */ = {isa = PBXFileReference; lastKnownFileType = sourcecode.swift; path = AppDelegate.swift; sourceTree = "<group>"; };
		0D724F5029598CC80060FA53 /* SceneDelegate.swift */ = {isa = PBXFileReference; lastKnownFileType = sourcecode.swift; path = SceneDelegate.swift; sourceTree = "<group>"; };
		0D724F5229598CC80060FA53 /* ViewController.swift */ = {isa = PBXFileReference; lastKnownFileType = sourcecode.swift; path = ViewController.swift; sourceTree = "<group>"; };
		0D724F5529598CC80060FA53 /* Base */ = {isa = PBXFileReference; lastKnownFileType = file.storyboard; name = Base; path = Base.lproj/Main.storyboard; sourceTree = "<group>"; };
		0D724F5729598CC90060FA53 /* Assets.xcassets */ = {isa = PBXFileReference; lastKnownFileType = folder.assetcatalog; path = Assets.xcassets; sourceTree = "<group>"; };
		0D724F5A29598CC90060FA53 /* Base */ = {isa = PBXFileReference; lastKnownFileType = file.storyboard; name = Base; path = Base.lproj/LaunchScreen.storyboard; sourceTree = "<group>"; };
		0D724F5C29598CC90060FA53 /* Info.plist */ = {isa = PBXFileReference; lastKnownFileType = text.plist.xml; path = Info.plist; sourceTree = "<group>"; };
		0D724F6129598CC90060FA53 /* C programmingTests.xctest */ = {isa = PBXFileReference; explicitFileType = wrapper.cfbundle; includeInIndex = 0; path = "C programmingTests.xctest"; sourceTree = BUILT_PRODUCTS_DIR; };
		0D724F6529598CC90060FA53 /* C_programmingTests.swift */ = {isa = PBXFileReference; lastKnownFileType = sourcecode.swift; path = C_programmingTests.swift; sourceTree = "<group>"; };
		0D724F6B29598CC90060FA53 /* C programmingUITests.xctest */ = {isa = PBXFileReference; explicitFileType = wrapper.cfbundle; includeInIndex = 0; path = "C programmingUITests.xctest"; sourceTree = BUILT_PRODUCTS_DIR; };
		0D724F6F29598CC90060FA53 /* C_programmingUITests.swift */ = {isa = PBXFileReference; lastKnownFileType = sourcecode.swift; path = C_programmingUITests.swift; sourceTree = "<group>"; };
		0D724F7129598CC90060FA53 /* C_programmingUITestsLaunchTests.swift */ = {isa = PBXFileReference; lastKnownFileType = sourcecode.swift; path = C_programmingUITestsLaunchTests.swift; sourceTree = "<group>"; };
/* End PBXFileReference section */

/* Begin PBXFrameworksBuildPhase section */
		0D724F4829598CC80060FA53 /* Frameworks */ = {
			isa = PBXFrameworksBuildPhase;
			buildActionMask = 2147483647;
			files = (
			);
			runOnlyForDeploymentPostprocessing = 0;
		};
		0D724F5E29598CC90060FA53 /* Frameworks */ = {
			isa = PBXFrameworksBuildPhase;
			buildActionMask = 2147483647;
			files = (
			);
			runOnlyForDeploymentPostprocessing = 0;
		};
		0D724F6829598CC90060FA53 /* Frameworks */ = {
			isa = PBXFrameworksBuildPhase;
			buildActionMask = 2147483647;
			files = (
			);
			runOnlyForDeploymentPostprocessing = 0;
		};
/* End PBXFrameworksBuildPhase section */

/* Begin PBXGroup section */
		0D724F4229598CC80060FA53 = {
			isa = PBXGroup;
			children = (
				0D724F4D29598CC80060FA53 /* C programming */,
				0D724F6429598CC90060FA53 /* C programmingTests */,
				0D724F6E29598CC90060FA53 /* C programmingUITests */,
				0D724F4C29598CC80060FA53 /* Products */,
			);
			sourceTree = "<group>";
		};
		0D724F4C29598CC80060FA53 /* Products */ = {
			isa = PBXGroup;
			children = (
				0D724F4B29598CC80060FA53 /* C programming.app */,
				0D724F6129598CC90060FA53 /* C programmingTests.xctest */,
				0D724F6B29598CC90060FA53 /* C programmingUITests.xctest */,
			);
			name = Products;
			sourceTree = "<group>";
		};
		0D724F4D29598CC80060FA53 /* C programming */ = {
			isa = PBXGroup;
			children = (
				0D724F4E29598CC80060FA53 /* AppDelegate.swift */,
				0D724F5029598CC80060FA53 /* SceneDelegate.swift */,
				0D724F5229598CC80060FA53 /* ViewController.swift */,
				0D724F5429598CC80060FA53 /* Main.storyboard */,
				0D724F5729598CC90060FA53 /* Assets.xcassets */,
				0D724F5929598CC90060FA53 /* LaunchScreen.storyboard */,
				0D724F5C29598CC90060FA53 /* Info.plist */,
			);
			path = "C programming";
			sourceTree = "<group>";
		};
		0D724F6429598CC90060FA53 /* C programmingTests */ = {
			isa = PBXGroup;
			children = (
				0D724F6529598CC90060FA53 /* C_programmingTests.swift */,
			);
			path = "C programmingTests";
			sourceTree = "<group>";
		};
		0D724F6E29598CC90060FA53 /* C programmingUITests */ = {
			isa = PBXGroup;
			children = (
				0D724F6F29598CC90060FA53 /* C_programmingUITests.swift */,
				0D724F7129598CC90060FA53 /* C_programmingUITestsLaunchTests.swift */,
			);
			path = "C programmingUITests";
			sourceTree = "<group>";
		};
/* End PBXGroup section */

/* Begin PBXNativeTarget section */
		0D724F4A29598CC80060FA53 /* C programming */ = {
			isa = PBXNativeTarget;
			buildConfigurationList = 0D724F7529598CC90060FA53 /* Build configuration list for PBXNativeTarget "C programming" */;
			buildPhases = (
				0D724F4729598CC80060FA53 /* Sources */,
				0D724F4829598CC80060FA53 /* Frameworks */,
				0D724F4929598CC80060FA53 /* Resources */,
			);
			buildRules = (
			);
			dependencies = (
			);
			name = "C programming";
			productName = "C programming";
			productReference = 0D724F4B29598CC80060FA53 /* C programming.app */;
			productType = "com.apple.product-type.application";
		};
		0D724F6029598CC90060FA53 /* C programmingTests */ = {
			isa = PBXNativeTarget;
			buildConfigurationList = 0D724F7829598CC90060FA53 /* Build configuration list for PBXNativeTarget "C programmingTests" */;
			buildPhases = (
				0D724F5D29598CC90060FA53 /* Sources */,
				0D724F5E29598CC90060FA53 /* Frameworks */,
				0D724F5F29598CC90060FA53 /* Resources */,
			);
			buildRules = (
			);
			dependencies = (
				0D724F6329598CC90060FA53 /* PBXTargetDependency */,
			);
			name = "C programmingTests";
			productName = "C programmingTests";
			productReference = 0D724F6129598CC90060FA53 /* C programmingTests.xctest */;
			productType = "com.apple.product-type.bundle.unit-test";
		};
		0D724F6A29598CC90060FA53 /* C programmingUITests */ = {
			isa = PBXNativeTarget;
			buildConfigurationList = 0D724F7B29598CC90060FA53 /* Build configuration list for PBXNativeTarget "C programmingUITests" */;
			buildPhases = (
				0D724F6729598CC90060FA53 /* Sources */,
				0D724F6829598CC90060FA53 /* Frameworks */,
				0D724F6929598CC90060FA53 /* Resources */,
			);
			buildRules = (
			);
			dependencies = (
				0D724F6D29598CC90060FA53 /* PBXTargetDependency */,
			);
			name = "C programmingUITests";
			productName = "C programmingUITests";
			productReference = 0D724F6B29598CC90060FA53 /* C programmingUITests.xctest */;
			productType = "com.apple.product-type.bundle.ui-testing";
		};
/* End PBXNativeTarget section */

/* Begin PBXProject section */
		0D724F4329598CC80060FA53 /* Project object */ = {
			isa = PBXProject;
			attributes = {
				BuildIndependentTargetsInParallel = 1;
				LastSwiftUpdateCheck = 1410;
				LastUpgradeCheck = 1410;
				TargetAttributes = {
					0D724F4A29598CC80060FA53 = {
						CreatedOnToolsVersion = 14.1;
					};
					0D724F6029598CC90060FA53 = {
						CreatedOnToolsVersion = 14.1;
						TestTargetID = 0D724F4A29598CC80060FA53;
					};
					0D724F6A29598CC90060FA53 = {
						CreatedOnToolsVersion = 14.1;
						TestTargetID = 0D724F4A29598CC80060FA53;
					};
				};
			};
			buildConfigurationList = 0D724F4629598CC80060FA53 /* Build configuration list for PBXProject "C programming" */;
			compatibilityVersion = "Xcode 14.0";
			developmentRegion = en;
			hasScannedForEncodings = 0;
			knownRegions = (
				en,
				Base,
			);
			mainGroup = 0D724F4229598CC80060FA53;
			productRefGroup = 0D724F4C29598CC80060FA53 /* Products */;
			projectDirPath = "";
			projectRoot = "";
			targets = (
				0D724F4A29598CC80060FA53 /* C programming */,
				0D724F6029598CC90060FA53 /* C programmingTests */,
				0D724F6A29598CC90060FA53 /* C programmingUITests */,
			);
		};
/* End PBXProject section */

/* Begin PBXResourcesBuildPhase section */
		0D724F4929598CC80060FA53 /* Resources */ = {
			isa = PBXResourcesBuildPhase;
			buildActionMask = 2147483647;
			files = (
				0D724F5B29598CC90060FA53 /* LaunchScreen.storyboard in Resources */,
				0D724F5829598CC90060FA53 /* Assets.xcassets in Resources */,
				0D724F5629598CC80060FA53 /* Main.storyboard in Resources */,
			);
			runOnlyForDeploymentPostprocessing = 0;
		};
		0D724F5F29598CC90060FA53 /* Resources */ = {
			isa = PBXResourcesBuildPhase;
			buildActionMask = 2147483647;
			files = (
			);
			runOnlyForDeploymentPostprocessing = 0;
		};
		0D724F6929598CC90060FA53 /* Resources */ = {
			isa = PBXResourcesBuildPhase;
			buildActionMask = 2147483647;
			files = (
			);
			runOnlyForDeploymentPostprocessing = 0;
		};
/* End PBXResourcesBuildPhase section */

/* Begin PBXSourcesBuildPhase section */
		0D724F4729598CC80060FA53 /* Sources */ = {
			isa = PBXSourcesBuildPhase;
			buildActionMask = 2147483647;
			files = (
				0D724F5329598CC80060FA53 /* ViewController.swift in Sources */,
				0D724F4F29598CC80060FA53 /* AppDelegate.swift in Sources */,
				0D724F5129598CC80060FA53 /* SceneDelegate.swift in Sources */,
			);
			runOnlyForDeploymentPostprocessing = 0;
		};
		0D724F5D29598CC90060FA53 /* Sources */ = {
			isa = PBXSourcesBuildPhase;
			buildActionMask = 2147483647;
			files = (
				0D724F6629598CC90060FA53 /* C_programmingTests.swift in Sources */,
			);
			runOnlyForDeploymentPostprocessing = 0;
		};
		0D724F6729598CC90060FA53 /* Sources */ = {
			isa = PBXSourcesBuildPhase;
			buildActionMask = 2147483647;
			files = (
				0D724F7229598CC90060FA53 /* C_programmingUITestsLaunchTests.swift in Sources */,
				0D724F7029598CC90060FA53 /* C_programmingUITests.swift in Sources */,
			);
			runOnlyForDeploymentPostprocessing = 0;
		};
/* End PBXSourcesBuildPhase section */

/* Begin PBXTargetDependency section */
		0D724F6329598CC90060FA53 /* PBXTargetDependency */ = {
			isa = PBXTargetDependency;
			target = 0D724F4A29598CC80060FA53 /* C programming */;
			targetProxy = 0D724F6229598CC90060FA53 /* PBXContainerItemProxy */;
		};
		0D724F6D29598CC90060FA53 /* PBXTargetDependency */ = {
			isa = PBXTargetDependency;
			target = 0D724F4A29598CC80060FA53 /* C programming */;
			targetProxy = 0D724F6C29598CC90060FA53 /* PBXContainerItemProxy */;
		};
/* End PBXTargetDependency section */

/* Begin PBXVariantGroup section */
		0D724F5429598CC80060FA53 /* Main.storyboard */ = {
			isa = PBXVariantGroup;
			children = (
				0D724F5529598CC80060FA53 /* Base */,
			);
			name = Main.storyboard;
			sourceTree = "<group>";
		};
		0D724F5929598CC90060FA53 /* LaunchScreen.storyboard */ = {
			isa = PBXVariantGroup;
			children = (
				0D724F5A29598CC90060FA53 /* Base */,
			);
			name = LaunchScreen.storyboard;
			sourceTree = "<group>";
		};
/* End PBXVariantGroup section */

/* Begin XCBuildConfiguration section */
		0D724F7329598CC90060FA53 /* Debug */ = {
			isa = XCBuildConfiguration;
			buildSettings = {
				ALWAYS_SEARCH_USER_PATHS = NO;
				CLANG_ANALYZER_NONNULL = YES;
				CLANG_ANALYZER_NUMBER_OBJECT_CONVERSION = YES_AGGRESSIVE;
				CLANG_CXX_LANGUAGE_STANDARD = "gnu++20";
				CLANG_ENABLE_MODULES = YES;
				CLANG_ENABLE_OBJC_ARC = YES;
				CLANG_ENABLE_OBJC_WEAK = YES;
				CLANG_WARN_BLOCK_CAPTURE_AUTORELEASING = YES;
				CLANG_WARN_BOOL_CONVERSION = YES;
				CLANG_WARN_COMMA = YES;
				CLANG_WARN_CONSTANT_CONVERSION = YES;
				CLANG_WARN_DEPRECATED_OBJC_IMPLEMENTATIONS = YES;
				CLANG_WARN_DIRECT_OBJC_ISA_USAGE = YES_ERROR;
				CLANG_WARN_DOCUMENTATION_COMMENTS = YES;
				CLANG_WARN_EMPTY_BODY = YES;
				CLANG_WARN_ENUM_CONVERSION = YES;
				CLANG_WARN_INFINITE_RECURSION = YES;
				CLANG_WARN_INT_CONVERSION = YES;
				CLANG_WARN_NON_LITERAL_NULL_CONVERSION = YES;
				CLANG_WARN_OBJC_IMPLICIT_RETAIN_SELF = YES;
				CLANG_WARN_OBJC_LITERAL_CONVERSION = YES;
				CLANG_WARN_OBJC_ROOT_CLASS = YES_ERROR;
				CLANG_WARN_QUOTED_INCLUDE_IN_FRAMEWORK_HEADER = YES;
				CLANG_WARN_RANGE_LOOP_ANALYSIS = YES;
				CLANG_WARN_STRICT_PROTOTYPES = YES;
				CLANG_WARN_SUSPICIOUS_MOVE = YES;
				CLANG_WARN_UNGUARDED_AVAILABILITY = YES_AGGRESSIVE;
				CLANG_WARN_UNREACHABLE_CODE = YES;
				CLANG_WARN__DUPLICATE_METHOD_MATCH = YES;
				COPY_PHASE_STRIP = NO;
				DEBUG_INFORMATION_FORMAT = dwarf;
				ENABLE_STRICT_OBJC_MSGSEND = YES;
				ENABLE_TESTABILITY = YES;
				GCC_C_LANGUAGE_STANDARD = gnu11;
				GCC_DYNAMIC_NO_PIC = NO;
				GCC_NO_COMMON_BLOCKS = YES;
				GCC_OPTIMIZATION_LEVEL = 0;
				GCC_PREPROCESSOR_DEFINITIONS = (
					"DEBUG=1",
					"$(inherited)",
				);
				GCC_WARN_64_TO_32_BIT_CONVERSION = YES;
				GCC_WARN_ABOUT_RETURN_TYPE = YES_ERROR;
				GCC_WARN_UNDECLARED_SELECTOR = YES;
				GCC_WARN_UNINITIALIZED_AUTOS = YES_AGGRESSIVE;
				GCC_WARN_UNUSED_FUNCTION = YES;
				GCC_WARN_UNUSED_VARIABLE = YES;
				IPHONEOS_DEPLOYMENT_TARGET = 16.1;
				MTL_ENABLE_DEBUG_INFO = INCLUDE_SOURCE;
				MTL_FAST_MATH = YES;
				ONLY_ACTIVE_ARCH = YES;
				SDKROOT = iphoneos;
				SWIFT_ACTIVE_COMPILATION_CONDITIONS = DEBUG;
				SWIFT_OPTIMIZATION_LEVEL = "-Onone";
			};
			name = Debug;
		};
		0D724F7429598CC90060FA53 /* Release */ = {
			isa = XCBuildConfiguration;
			buildSettings = {
				ALWAYS_SEARCH_USER_PATHS = NO;
				CLANG_ANALYZER_NONNULL = YES;
				CLANG_ANALYZER_NUMBER_OBJECT_CONVERSION = YES_AGGRESSIVE;
				CLANG_CXX_LANGUAGE_STANDARD = "gnu++20";
				CLANG_ENABLE_MODULES = YES;
				CLANG_ENABLE_OBJC_ARC = YES;
				CLANG_ENABLE_OBJC_WEAK = YES;
				CLANG_WARN_BLOCK_CAPTURE_AUTORELEASING = YES;
				CLANG_WARN_BOOL_CONVERSION = YES;
				CLANG_WARN_COMMA = YES;
				CLANG_WARN_CONSTANT_CONVERSION = YES;
				CLANG_WARN_DEPRECATED_OBJC_IMPLEMENTATIONS = YES;
				CLANG_WARN_DIRECT_OBJC_ISA_USAGE = YES_ERROR;
				CLANG_WARN_DOCUMENTATION_COMMENTS = YES;
				CLANG_WARN_EMPTY_BODY = YES;
				CLANG_WARN_ENUM_CONVERSION = YES;
				CLANG_WARN_INFINITE_RECURSION = YES;
				CLANG_WARN_INT_CONVERSION = YES;
				CLANG_WARN_NON_LITERAL_NULL_CONVERSION = YES;
				CLANG_WARN_OBJC_IMPLICIT_RETAIN_SELF = YES;
				CLANG_WARN_OBJC_LITERAL_CONVERSION = YES;
				CLANG_WARN_OBJC_ROOT_CLASS = YES_ERROR;
				CLANG_WARN_QUOTED_INCLUDE_IN_FRAMEWORK_HEADER = YES;
				CLANG_WARN_RANGE_LOOP_ANALYSIS = YES;
				CLANG_WARN_STRICT_PROTOTYPES = YES;
				CLANG_WARN_SUSPICIOUS_MOVE = YES;
				CLANG_WARN_UNGUARDED_AVAILABILITY = YES_AGGRESSIVE;
				CLANG_WARN_UNREACHABLE_CODE = YES;
				CLANG_WARN__DUPLICATE_METHOD_MATCH = YES;
				COPY_PHASE_STRIP = NO;
				DEBUG_INFORMATION_FORMAT = "dwarf-with-dsym";
				ENABLE_NS_ASSERTIONS = NO;
				ENABLE_STRICT_OBJC_MSGSEND = YES;
				GCC_C_LANGUAGE_STANDARD = gnu11;
				GCC_NO_COMMON_BLOCKS = YES;
				GCC_WARN_64_TO_32_BIT_CONVERSION = YES;
				GCC_WARN_ABOUT_RETURN_TYPE = YES_ERROR;
				GCC_WARN_UNDECLARED_SELECTOR = YES;
				GCC_WARN_UNINITIALIZED_AUTOS = YES_AGGRESSIVE;
				GCC_WARN_UNUSED_FUNCTION = YES;
				GCC_WARN_UNUSED_VARIABLE = YES;
				IPHONEOS_DEPLOYMENT_TARGET = 16.1;
				MTL_ENABLE_DEBUG_INFO = NO;
				MTL_FAST_MATH = YES;
				SDKROOT = iphoneos;
				SWIFT_COMPILATION_MODE = wholemodule;
				SWIFT_OPTIMIZATION_LEVEL = "-O";
				VALIDATE_PRODUCT = YES;
			};
			name = Release;
		};
		0D724F7629598CC90060FA53 /* Debug */ = {
			isa = XCBuildConfiguration;
			buildSettings = {
				ASSETCATALOG_COMPILER_APPICON_NAME = AppIcon;
				ASSETCATALOG_COMPILER_GLOBAL_ACCENT_COLOR_NAME = AccentColor;
				CODE_SIGN_STYLE = Automatic;
				CURRENT_PROJECT_VERSION = 1;
				GENERATE_INFOPLIST_FILE = YES;
				INFOPLIST_FILE = "C programming/Info.plist";
				INFOPLIST_KEY_UIApplicationSupportsIndirectInputEvents = YES;
				INFOPLIST_KEY_UILaunchStoryboardName = LaunchScreen;
				INFOPLIST_KEY_UIMainStoryboardFile = Main;
				INFOPLIST_KEY_UISupportedInterfaceOrientations_iPad = "UIInterfaceOrientationPortrait UIInterfaceOrientationPortraitUpsideDown UIInterfaceOrientationLandscapeLeft UIInterfaceOrientationLandscapeRight";
				INFOPLIST_KEY_UISupportedInterfaceOrientations_iPhone = "UIInterfaceOrientationPortrait UIInterfaceOrientationLandscapeLeft UIInterfaceOrientationLandscapeRight";
				LD_RUNPATH_SEARCH_PATHS = (
					"$(inherited)",
					"@executable_path/Frameworks",
				);
				MARKETING_VERSION = 1.0;
				PRODUCT_BUNDLE_IDENTIFIER = "RIT.C-programming";
				PRODUCT_NAME = "$(TARGET_NAME)";
				SWIFT_EMIT_LOC_STRINGS = YES;
				SWIFT_VERSION = 5.0;
				TARGETED_DEVICE_FAMILY = "1,2";
			};
			name = Debug;
		};
		0D724F7729598CC90060FA53 /* Release */ = {
			isa = XCBuildConfiguration;
			buildSettings = {
				ASSETCATALOG_COMPILER_APPICON_NAME = AppIcon;
				ASSETCATALOG_COMPILER_GLOBAL_ACCENT_COLOR_NAME = AccentColor;
				CODE_SIGN_STYLE = Automatic;
				CURRENT_PROJECT_VERSION = 1;
				GENERATE_INFOPLIST_FILE = YES;
				INFOPLIST_FILE = "C programming/Info.plist";
				INFOPLIST_KEY_UIApplicationSupportsIndirectInputEvents = YES;
				INFOPLIST_KEY_UILaunchStoryboardName = LaunchScreen;
				INFOPLIST_KEY_UIMainStoryboardFile = Main;
				INFOPLIST_KEY_UISupportedInterfaceOrientations_iPad = "UIInterfaceOrientationPortrait UIInterfaceOrientationPortraitUpsideDown UIInterfaceOrientationLandscapeLeft UIInterfaceOrientationLandscapeRight";
				INFOPLIST_KEY_UISupportedInterfaceOrientations_iPhone = "UIInterfaceOrientationPortrait UIInterfaceOrientationLandscapeLeft UIInterfaceOrientationLandscapeRight";
				LD_RUNPATH_SEARCH_PATHS = (
					"$(inherited)",
					"@executable_path/Frameworks",
				);
				MARKETING_VERSION = 1.0;
				PRODUCT_BUNDLE_IDENTIFIER = "RIT.C-programming";
				PRODUCT_NAME = "$(TARGET_NAME)";
				SWIFT_EMIT_LOC_STRINGS = YES;
				SWIFT_VERSION = 5.0;
				TARGETED_DEVICE_FAMILY = "1,2";
			};
			name = Release;
		};
		0D724F7929598CC90060FA53 /* Debug */ = {
			isa = XCBuildConfiguration;
			buildSettings = {
				ALWAYS_EMBED_SWIFT_STANDARD_LIBRARIES = YES;
				BUNDLE_LOADER = "$(TEST_HOST)";
				CODE_SIGN_STYLE = Automatic;
				CURRENT_PROJECT_VERSION = 1;
				GENERATE_INFOPLIST_FILE = YES;
				IPHONEOS_DEPLOYMENT_TARGET = 16.1;
				MARKETING_VERSION = 1.0;
				PRODUCT_BUNDLE_IDENTIFIER = "RIT.C-programmingTests";
				PRODUCT_NAME = "$(TARGET_NAME)";
				SWIFT_EMIT_LOC_STRINGS = NO;
				SWIFT_VERSION = 5.0;
				TARGETED_DEVICE_FAMILY = "1,2";
				TEST_HOST = "$(BUILT_PRODUCTS_DIR)/C programming.app/$(BUNDLE_EXECUTABLE_FOLDER_PATH)/C programming";
			};
			name = Debug;
		};
		0D724F7A29598CC90060FA53 /* Release */ = {
			isa = XCBuildConfiguration;
			buildSettings = {
				ALWAYS_EMBED_SWIFT_STANDARD_LIBRARIES = YES;
				BUNDLE_LOADER = "$(TEST_HOST)";
				CODE_SIGN_STYLE = Automatic;
				CURRENT_PROJECT_VERSION = 1;
				GENERATE_INFOPLIST_FILE = YES;
				IPHONEOS_DEPLOYMENT_TARGET = 16.1;
				MARKETING_VERSION = 1.0;
				PRODUCT_BUNDLE_IDENTIFIER = "RIT.C-programmingTests";
				PRODUCT_NAME = "$(TARGET_NAME)";
				SWIFT_EMIT_LOC_STRINGS = NO;
				SWIFT_VERSION = 5.0;
				TARGETED_DEVICE_FAMILY = "1,2";
				TEST_HOST = "$(BUILT_PRODUCTS_DIR)/C programming.app/$(BUNDLE_EXECUTABLE_FOLDER_PATH)/C programming";
			};
			name = Release;
		};
		0D724F7C29598CC90060FA53 /* Debug */ = {
			isa = XCBuildConfiguration;
			buildSettings = {
				ALWAYS_EMBED_SWIFT_STANDARD_LIBRARIES = YES;
				CODE_SIGN_STYLE = Automatic;
				CURRENT_PROJECT_VERSION = 1;
				GENERATE_INFOPLIST_FILE = YES;
				MARKETING_VERSION = 1.0;
				PRODUCT_BUNDLE_IDENTIFIER = "RIT.C-programmingUITests";
				PRODUCT_NAME = "$(TARGET_NAME)";
				SWIFT_EMIT_LOC_STRINGS = NO;
				SWIFT_VERSION = 5.0;
				TARGETED_DEVICE_FAMILY = "1,2";
				TEST_TARGET_NAME = "C programming";
			};
			name = Debug;
		};
		0D724F7D29598CC90060FA53 /* Release */ = {
			isa = XCBuildConfiguration;
			buildSettings = {
				ALWAYS_EMBED_SWIFT_STANDARD_LIBRARIES = YES;
				CODE_SIGN_STYLE = Automatic;
				CURRENT_PROJECT_VERSION = 1;
				GENERATE_INFOPLIST_FILE = YES;
				MARKETING_VERSION = 1.0;
				PRODUCT_BUNDLE_IDENTIFIER = "RIT.C-programmingUITests";
				PRODUCT_NAME = "$(TARGET_NAME)";
				SWIFT_EMIT_LOC_STRINGS = NO;
				SWIFT_VERSION = 5.0;
				TARGETED_DEVICE_FAMILY = "1,2";
				TEST_TARGET_NAME = "C programming";
			};
			name = Release;
		};
/* End XCBuildConfiguration section */

/* Begin XCConfigurationList section */
		0D724F4629598CC80060FA53 /* Build configuration list for PBXProject "C programming" */ = {
			isa = XCConfigurationList;
			buildConfigurations = (
				0D724F7329598CC90060FA53 /* Debug */,
				0D724F7429598CC90060FA53 /* Release */,
			);
			defaultConfigurationIsVisible = 0;
			defaultConfigurationName = Release;
		};
		0D724F7529598CC90060FA53 /* Build configuration list for PBXNativeTarget "C programming" */ = {
			isa = XCConfigurationList;
			buildConfigurations = (
				0D724F7629598CC90060FA53 /* Debug */,
				0D724F7729598CC90060FA53 /* Release */,
			);
			defaultConfigurationIsVisible = 0;
			defaultConfigurationName = Release;
		};
		0D724F7829598CC90060FA53 /* Build configuration list for PBXNativeTarget "C programmingTests" */ = {
			isa = XCConfigurationList;
			buildConfigurations = (
				0D724F7929598CC90060FA53 /* Debug */,
				0D724F7A29598CC90060FA53 /* Release */,
			);
			defaultConfigurationIsVisible = 0;
			defaultConfigurationName = Release;
		};
		0D724F7B29598CC90060FA53 /* Build configuration list for PBXNativeTarget "C programmingUITests" */ = {
			isa = XCConfigurationList;
			buildConfigurations = (
				0D724F7C29598CC90060FA53 /* Debug */,
				0D724F7D29598CC90060FA53 /* Release */,
			);
			defaultConfigurationIsVisible = 0;
			defaultConfigurationName = Release;
		};
/* End XCConfigurationList section */
	};
	rootObject = 0D724F4329598CC80060FA53 /* Project object */;
}
